lockfileVersion: '6.0'

devDependencies:
  chrome-types:
    specifier: ^0.1.185
    version: 0.1.185
  typescript:
    specifier: ^5.0.4
    version: 5.0.4

packages:

  /chrome-types@0.1.185:
    resolution: {integrity: sha512-S+n7VftaNqARdzO+nKpj8HU+02SbO49SOXUg1ENAoIJaIv42CPAC9rNm4Bc7OyK5KMH2Q+XDZJdUwWNNU1urWQ==}
    dev: true

  /typescript@5.0.4:
    resolution: {integrity: sha512-cW9T5W9xY37cc+jfEnaUvX91foxtHkza3Nw3wkoF4sSlKn0MONdkdEndig/qPBWXNkmplh3NzayQzCiHM4/hqw==}
    engines: {node: '>=12.20'}
    hasBin: true
    dev: true
